
Microsoft Visual Studio Solution File, Format Version 12.00
# Visual Studio Version 17
VisualStudioVersion = 17.2.32526.322
MinimumVisualStudioVersion = 10.0.40219.1
Project("{FAE04EC0-301F-11D3-BF4B-00C04F79EFBC}") = "ProjectZ.Core", "ProjectZ.Core\ProjectZ.Core.csproj", "{D76B80CB-B1C6-4BEA-96AA-310DB13FA260}"
EndProject
Project("{FAE04EC0-301F-11D3-BF4B-00C04F79EFBC}") = "ProjectZ.Android", "ProjectZ.Android\ProjectZ.Android.csproj", "{3279C9EC-D436-4173-B1CD-6189290D0C71}"
EndProject
Project("{FAE04EC0-301F-11D3-BF4B-00C04F79EFBC}") = "ProjectZ.Desktop", "ProjectZ.Desktop\ProjectZ.Desktop.csproj", "{51BAAEC0-5D8C-4BBA-9F49-0CC133D535D8}"
EndProject
Project("{FAE04EC0-301F-11D3-BF4B-00C04F79EFBC}") = "ProjectZ.Linux", "ProjectZ.Linux\ProjectZ.Linux.csproj", "{4EF5C1BF-B37F-4692-8AD1-784EBF14A7F6}"
EndProject
Global
	GlobalSection(SolutionConfigurationPlatforms) = preSolution
		Debug|Any CPU = Debug|Any CPU
		Debug|x86 = Debug|x86
		Release|Any CPU = Release|Any CPU
		Release|x86 = Release|x86
	EndGlobalSection
	GlobalSection(ProjectConfigurationPlatforms) = postSolution
		{D76B80CB-B1C6-4BEA-96AA-310DB13FA260}.Debug|Any CPU.ActiveCfg = Debug|Any CPU
		{D76B80CB-B1C6-4BEA-96AA-310DB13FA260}.Debug|Any CPU.Build.0 = Debug|Any CPU
		{D76B80CB-B1C6-4BEA-96AA-310DB13FA260}.Debug|x86.ActiveCfg = Debug|Any CPU
		{D76B80CB-B1C6-4BEA-96AA-310DB13FA260}.Debug|x86.Build.0 = Debug|Any CPU
		{D76B80CB-B1C6-4BEA-96AA-310DB13FA260}.Release|Any CPU.ActiveCfg = Release|Any CPU
		{D76B80CB-B1C6-4BEA-96AA-310DB13FA260}.Release|Any CPU.Build.0 = Release|Any CPU
		{D76B80CB-B1C6-4BEA-96AA-310DB13FA260}.Release|x86.ActiveCfg = Release|Any CPU
		{D76B80CB-B1C6-4BEA-96AA-310DB13FA260}.Release|x86.Build.0 = Release|Any CPU
		{3279C9EC-D436-4173-B1CD-6189290D0C71}.Debug|Any CPU.ActiveCfg = Debug|Any CPU
		{3279C9EC-D436-4173-B1CD-6189290D0C71}.Debug|Any CPU.Build.0 = Debug|Any CPU
		{3279C9EC-D436-4173-B1CD-6189290D0C71}.Debug|Any CPU.Deploy.0 = Debug|Any CPU
		{3279C9EC-D436-4173-B1CD-6189290D0C71}.Debug|x86.ActiveCfg = Debug|Any CPU
		{3279C9EC-D436-4173-B1CD-6189290D0C71}.Debug|x86.Build.0 = Debug|Any CPU
		{3279C9EC-D436-4173-B1CD-6189290D0C71}.Debug|x86.Deploy.0 = Debug|Any CPU
		{3279C9EC-D436-4173-B1CD-6189290D0C71}.Release|Any CPU.ActiveCfg = Release|Any CPU
		{3279C9EC-D436-4173-B1CD-6189290D0C71}.Release|Any CPU.Build.0 = Release|Any CPU
		{3279C9EC-D436-4173-B1CD-6189290D0C71}.Release|Any CPU.Deploy.0 = Release|Any CPU
		{3279C9EC-D436-4173-B1CD-6189290D0C71}.Release|x86.ActiveCfg = Release|Any CPU
		{3279C9EC-D436-4173-B1CD-6189290D0C71}.Release|x86.Build.0 = Release|Any CPU
		{3279C9EC-D436-4173-B1CD-6189290D0C71}.Release|x86.Deploy.0 = Release|Any CPU
		{51BAAEC0-5D8C-4BBA-9F49-0CC133D535D8}.Debug|Any CPU.ActiveCfg = Debug|Any CPU
		{51BAAEC0-5D8C-4BBA-9F49-0CC133D535D8}.Debug|Any CPU.Build.0 = Debug|Any CPU
		{51BAAEC0-5D8C-4BBA-9F49-0CC133D535D8}.Debug|x86.ActiveCfg = Debug|Any CPU
		{51BAAEC0-5D8C-4BBA-9F49-0CC133D535D8}.Debug|x86.Build.0 = Debug|Any CPU
		{51BAAEC0-5D8C-4BBA-9F49-0CC133D535D8}.Release|Any CPU.ActiveCfg = Release|Any CPU
		{51BAAEC0-5D8C-4BBA-9F49-0CC133D535D8}.Release|Any CPU.Build.0 = Release|Any CPU
		{51BAAEC0-5D8C-4BBA-9F49-0CC133D535D8}.Release|x86.ActiveCfg = Release|Any CPU
		{51BAAEC0-5D8C-4BBA-9F49-0CC133D535D8}.Release|x86.Build.0 = Release|Any CPU
		{4EF5C1BF-B37F-4692-8AD1-784EBF14A7F6}.Debug|Any CPU.ActiveCfg = Debug|Any CPU
		{4EF5C1BF-B37F-4692-8AD1-784EBF14A7F6}.Debug|Any CPU.Build.0 = Debug|Any CPU
		{4EF5C1BF-B37F-4692-8AD1-784EBF14A7F6}.Debug|x86.ActiveCfg = Debug|Any CPU
		{4EF5C1BF-B37F-4692-8AD1-784EBF14A7F6}.Debug|x86.Build.0 = Debug|Any CPU
		{4EF5C1BF-B37F-4692-8AD1-784EBF14A7F6}.Release|Any CPU.ActiveCfg = Release|Any CPU
		{4EF5C1BF-B37F-4692-8AD1-784EBF14A7F6}.Release|Any CPU.Build.0 = Release|Any CPU
		{4EF5C1BF-B37F-4692-8AD1-784EBF14A7F6}.Release|x86.ActiveCfg = Release|Any CPU
		{4EF5C1BF-B37F-4692-8AD1-784EBF14A7F6}.Release|x86.Build.0 = Release|Any CPU
	EndGlobalSection
	GlobalSection(SolutionProperties) = preSolution
		HideSolutionNode = FALSE
	EndGlobalSection
	GlobalSection(ExtensibilityGlobals) = postSolution
		SolutionGuid = {63CDECBD-18A4-419A-8FE4-B8F53DDC1778}
	EndGlobalSection
	GlobalSection(Performance) = preSolution
		HasPerformanceSessions = true
	EndGlobalSection
EndGlobal
